
Microsoft Visual Studio Solution File, Format Version 12.00
# Visual Studio Version 17
VisualStudioVersion = 17.14.36623.8 d17.14
MinimumVisualStudioVersion = 10.0.40219.1
Project("{FAE04EC0-301F-11D3-BF4B-00C04F79EFBC}") = "vendsys-api", "vendsys-api.csproj", "{F469E1E1-D363-41C8-9B2F-029359A6D25E}"
EndProject
Global
	GlobalSection(SolutionConfigurationPlatforms) = preSolution
		Debug|Any CPU = Debug|Any CPU
		Release|Any CPU = Release|Any CPU
	EndGlobalSection
	GlobalSection(ProjectConfigurationPlatforms) = postSolution
		{F469E1E1-D363-41C8-9B2F-029359A6D25E}.Debug|Any CPU.ActiveCfg = Debug|Any CPU
		{F469E1E1-D363-41C8-9B2F-029359A6D25E}.Debug|Any CPU.Build.0 = Debug|Any CPU
		{F469E1E1-D363-41C8-9B2F-029359A6D25E}.Release|Any CPU.ActiveCfg = Release|Any CPU
		{F469E1E1-D363-41C8-9B2F-029359A6D25E}.Release|Any CPU.Build.0 = Release|Any CPU
	EndGlobalSection
	GlobalSection(SolutionProperties) = preSolution
		HideSolutionNode = FALSE
	EndGlobalSection
	GlobalSection(ExtensibilityGlobals) = postSolution
		SolutionGuid = {54B9779E-10CC-4E42-849F-0E5C3CD71966}
	EndGlobalSection
EndGlobal
